<Solution>
  <Folder Name="/backend/">
    <Project Path="backend/Application/Application.csproj" />
    <Project Path="backend/Domain/Domain.csproj" />
    <Project Path="backend/Infrastructure/Infrastructure.csproj" />
    <Project Path="backend/Web/Web.csproj" />
  </Folder>
  <Folder Name="/backend/tests/">
    <Project Path="backend/tests/Application.UnitTests/Application.UnitTests.csproj" />
    <Project Path="backend/tests/Domain.UnitTests/Domain.UnitTests.csproj" />
    <Project Path="backend/tests/Infrastructure.UnitTests/Infrastructure.UnitTests.csproj" />
  </Folder>
</Solution>